
Microsoft Visual Studio Solution File, Format Version 12.00
# Visual Studio Version 17
VisualStudioVersion = 17.3.32929.385
MinimumVisualStudioVersion = 10.0.40219.1
Project("{2150E333-8FDC-42A3-9474-1A3956D46DE8}") = "iac", "iac", "{2A926820-5743-430E-93C0-F100630CC88C}"
	ProjectSection(SolutionItems) = preProject
		..\iac\configure.ps1 = ..\iac\configure.ps1
		..\iac\deploy.ps1 = ..\iac\deploy.ps1
		..\iac\main.bicep = ..\iac\main.bicep
		..\iac\parameters.json = ..\iac\parameters.json
		..\iac\publish.ps1 = ..\iac\publish.ps1
	EndProjectSection
EndProject
Project("{9A19103F-16F7-4668-BE54-9A1E7A4F7556}") = "MsiApi", "MsiApi\MsiApi.csproj", "{1865A5C2-277B-48C2-8661-83DC1DAFD232}"
EndProject
Global
	GlobalSection(SolutionConfigurationPlatforms) = preSolution
		Debug|Any CPU = Debug|Any CPU
		Release|Any CPU = Release|Any CPU
	EndGlobalSection
	GlobalSection(ProjectConfigurationPlatforms) = postSolution
		{1865A5C2-277B-48C2-8661-83DC1DAFD232}.Debug|Any CPU.ActiveCfg = Debug|Any CPU
		{1865A5C2-277B-48C2-8661-83DC1DAFD232}.Debug|Any CPU.Build.0 = Debug|Any CPU
		{1865A5C2-277B-48C2-8661-83DC1DAFD232}.Release|Any CPU.ActiveCfg = Release|Any CPU
		{1865A5C2-277B-48C2-8661-83DC1DAFD232}.Release|Any CPU.Build.0 = Release|Any CPU
	EndGlobalSection
	GlobalSection(SolutionProperties) = preSolution
		HideSolutionNode = FALSE
	EndGlobalSection
	GlobalSection(ExtensibilityGlobals) = postSolution
		SolutionGuid = {0CE75FAB-274D-4102-A205-4969E4131FBC}
	EndGlobalSection
EndGlobal
